
Microsoft Visual Studio Solution File, Format Version 12.00
# Visual Studio Version 17
VisualStudioVersion = 17.5.33424.131
MinimumVisualStudioVersion = 10.0.40219.1
Project("{2150E333-8FDC-42A3-9474-1A3956D46DE8}") = "Contrib", "Contrib", "{E01A96E9-E6A2-4BF4-BC45-07B641EB1E51}"
EndProject
Project("{9A19103F-16F7-4668-BE54-9A1E7A4F7556}") = "TextList.Api", "Contrib\TextList.Api\TextList.Api.csproj", "{674D4832-7271-4C0A-A499-8ACA17FFFF8C}"
EndProject
Project("{E53339B2-1760-4266-BCC7-CA923CBCF16C}") = "docker-compose", "docker-compose.dcproj", "{DFDE4E4A-9CE9-4FE8-BE72-DC766FEBD1AF}"
EndProject
Project("{2150E333-8FDC-42A3-9474-1A3956D46DE8}") = "Infrastructure", "Infrastructure", "{23BAB6E8-501C-4BC1-A2B2-CAA6DE44067C}"
	ProjectSection(SolutionItems) = preProject
		Infrastructure\envoy.yaml = Infrastructure\envoy.yaml
	EndProjectSection
EndProject
Project("{FAE04EC0-301F-11D3-BF4B-00C04F79EFBC}") = "Infrastructure", "Infrastructure\Infrastructure\Infrastructure.csproj", "{716E688D-1906-4BA1-BC55-90F8EEBC7C15}"
EndProject
Project("{FAE04EC0-301F-11D3-BF4B-00C04F79EFBC}") = "Infrastructure.Api", "Infrastructure\Infrastructure.Api\Infrastructure.Api.csproj", "{E88A35D8-FA03-401F-8C37-6A6B3F62D701}"
EndProject
Project("{FAE04EC0-301F-11D3-BF4B-00C04F79EFBC}") = "ServiceStatus", "Infrastructure\ServiceStatus\ServiceStatus.csproj", "{5F9C508C-8F60-40C3-A5AB-A780A539A729}"
EndProject
Project("{FAE04EC0-301F-11D3-BF4B-00C04F79EFBC}") = "Ddd.Domain", "Infrastructure\Ddd.Domain\Ddd.Domain.csproj", "{3219A813-BCF8-46DF-B598-B1F65F21696F}"
EndProject
Project("{2150E333-8FDC-42A3-9474-1A3956D46DE8}") = "Core", "Core", "{4DCC0AD7-FF1E-4E37-B31C-1B0B877F1EFF}"
EndProject
Project("{2150E333-8FDC-42A3-9474-1A3956D46DE8}") = "List", "List", "{12481914-1192-4FA5-86AB-383A156169E5}"
EndProject
Project("{FAE04EC0-301F-11D3-BF4B-00C04F79EFBC}") = "List.Domain", "Core\List\List.Domain\List.Domain.csproj", "{A14D6FCD-B673-431C-9991-FE6AA513C18B}"
EndProject
Project("{FAE04EC0-301F-11D3-BF4B-00C04F79EFBC}") = "List.Infrastructure", "Core\List\List.Infrastructure\List.Infrastructure.csproj", "{BD78FA82-5C7A-46F5-8CB6-EA94CA79B3E8}"
EndProject
Project("{FAE04EC0-301F-11D3-BF4B-00C04F79EFBC}") = "Ddd.Infrastructure", "Infrastructure\Ddd.Infrastructure\Ddd.Infrastructure.csproj", "{89B803DD-BD38-42FB-8AF5-C03047EDD845}"
EndProject
Project("{FAE04EC0-301F-11D3-BF4B-00C04F79EFBC}") = "List.Api", "Core\List\List.Api\List.Api.csproj", "{8030C28D-8C8A-496C-97C0-B7CC4050BDCD}"
EndProject
Project("{FAE04EC0-301F-11D3-BF4B-00C04F79EFBC}") = "EventBus", "Infrastructure\EventBus\EventBus.csproj", "{66214485-5C41-4577-B5C4-383401EAD078}"
EndProject
Project("{FAE04EC0-301F-11D3-BF4B-00C04F79EFBC}") = "EventBus.RabbitMQ", "Infrastructure\EventBus.RabbitMQ\EventBus.RabbitMQ.csproj", "{91D9E9FB-CC52-4679-921E-009DB73BC70B}"
EndProject
Project("{FAE04EC0-301F-11D3-BF4B-00C04F79EFBC}") = "IntegrationEventLog", "Infrastructure\IntegrationEventLog\IntegrationEventLog.csproj", "{CAFAB306-5FC7-449C-B7F1-1E1777FA0A00}"
EndProject
Global
	GlobalSection(SolutionConfigurationPlatforms) = preSolution
		Debug|Any CPU = Debug|Any CPU
		Release|Any CPU = Release|Any CPU
	EndGlobalSection
	GlobalSection(ProjectConfigurationPlatforms) = postSolution
		{674D4832-7271-4C0A-A499-8ACA17FFFF8C}.Debug|Any CPU.ActiveCfg = Debug|Any CPU
		{674D4832-7271-4C0A-A499-8ACA17FFFF8C}.Debug|Any CPU.Build.0 = Debug|Any CPU
		{674D4832-7271-4C0A-A499-8ACA17FFFF8C}.Release|Any CPU.ActiveCfg = Release|Any CPU
		{674D4832-7271-4C0A-A499-8ACA17FFFF8C}.Release|Any CPU.Build.0 = Release|Any CPU
		{DFDE4E4A-9CE9-4FE8-BE72-DC766FEBD1AF}.Debug|Any CPU.ActiveCfg = Debug|Any CPU
		{DFDE4E4A-9CE9-4FE8-BE72-DC766FEBD1AF}.Debug|Any CPU.Build.0 = Debug|Any CPU
		{DFDE4E4A-9CE9-4FE8-BE72-DC766FEBD1AF}.Release|Any CPU.ActiveCfg = Release|Any CPU
		{DFDE4E4A-9CE9-4FE8-BE72-DC766FEBD1AF}.Release|Any CPU.Build.0 = Release|Any CPU
		{716E688D-1906-4BA1-BC55-90F8EEBC7C15}.Debug|Any CPU.ActiveCfg = Debug|Any CPU
		{716E688D-1906-4BA1-BC55-90F8EEBC7C15}.Debug|Any CPU.Build.0 = Debug|Any CPU
		{716E688D-1906-4BA1-BC55-90F8EEBC7C15}.Release|Any CPU.ActiveCfg = Release|Any CPU
		{716E688D-1906-4BA1-BC55-90F8EEBC7C15}.Release|Any CPU.Build.0 = Release|Any CPU
		{E88A35D8-FA03-401F-8C37-6A6B3F62D701}.Debug|Any CPU.ActiveCfg = Debug|Any CPU
		{E88A35D8-FA03-401F-8C37-6A6B3F62D701}.Debug|Any CPU.Build.0 = Debug|Any CPU
		{E88A35D8-FA03-401F-8C37-6A6B3F62D701}.Release|Any CPU.ActiveCfg = Release|Any CPU
		{E88A35D8-FA03-401F-8C37-6A6B3F62D701}.Release|Any CPU.Build.0 = Release|Any CPU
		{5F9C508C-8F60-40C3-A5AB-A780A539A729}.Debug|Any CPU.ActiveCfg = Debug|Any CPU
		{5F9C508C-8F60-40C3-A5AB-A780A539A729}.Debug|Any CPU.Build.0 = Debug|Any CPU
		{5F9C508C-8F60-40C3-A5AB-A780A539A729}.Release|Any CPU.ActiveCfg = Release|Any CPU
		{5F9C508C-8F60-40C3-A5AB-A780A539A729}.Release|Any CPU.Build.0 = Release|Any CPU
		{3219A813-BCF8-46DF-B598-B1F65F21696F}.Debug|Any CPU.ActiveCfg = Debug|Any CPU
		{3219A813-BCF8-46DF-B598-B1F65F21696F}.Debug|Any CPU.Build.0 = Debug|Any CPU
		{3219A813-BCF8-46DF-B598-B1F65F21696F}.Release|Any CPU.ActiveCfg = Release|Any CPU
		{3219A813-BCF8-46DF-B598-B1F65F21696F}.Release|Any CPU.Build.0 = Release|Any CPU
		{A14D6FCD-B673-431C-9991-FE6AA513C18B}.Debug|Any CPU.ActiveCfg = Debug|Any CPU
		{A14D6FCD-B673-431C-9991-FE6AA513C18B}.Debug|Any CPU.Build.0 = Debug|Any CPU
		{A14D6FCD-B673-431C-9991-FE6AA513C18B}.Release|Any CPU.ActiveCfg = Release|Any CPU
		{A14D6FCD-B673-431C-9991-FE6AA513C18B}.Release|Any CPU.Build.0 = Release|Any CPU
		{BD78FA82-5C7A-46F5-8CB6-EA94CA79B3E8}.Debug|Any CPU.ActiveCfg = Debug|Any CPU
		{BD78FA82-5C7A-46F5-8CB6-EA94CA79B3E8}.Debug|Any CPU.Build.0 = Debug|Any CPU
		{BD78FA82-5C7A-46F5-8CB6-EA94CA79B3E8}.Release|Any CPU.ActiveCfg = Release|Any CPU
		{BD78FA82-5C7A-46F5-8CB6-EA94CA79B3E8}.Release|Any CPU.Build.0 = Release|Any CPU
		{89B803DD-BD38-42FB-8AF5-C03047EDD845}.Debug|Any CPU.ActiveCfg = Debug|Any CPU
		{89B803DD-BD38-42FB-8AF5-C03047EDD845}.Debug|Any CPU.Build.0 = Debug|Any CPU
		{89B803DD-BD38-42FB-8AF5-C03047EDD845}.Release|Any CPU.ActiveCfg = Release|Any CPU
		{89B803DD-BD38-42FB-8AF5-C03047EDD845}.Release|Any CPU.Build.0 = Release|Any CPU
		{8030C28D-8C8A-496C-97C0-B7CC4050BDCD}.Debug|Any CPU.ActiveCfg = Debug|Any CPU
		{8030C28D-8C8A-496C-97C0-B7CC4050BDCD}.Debug|Any CPU.Build.0 = Debug|Any CPU
		{8030C28D-8C8A-496C-97C0-B7CC4050BDCD}.Release|Any CPU.ActiveCfg = Release|Any CPU
		{8030C28D-8C8A-496C-97C0-B7CC4050BDCD}.Release|Any CPU.Build.0 = Release|Any CPU
		{66214485-5C41-4577-B5C4-383401EAD078}.Debug|Any CPU.ActiveCfg = Debug|Any CPU
		{66214485-5C41-4577-B5C4-383401EAD078}.Debug|Any CPU.Build.0 = Debug|Any CPU
		{66214485-5C41-4577-B5C4-383401EAD078}.Release|Any CPU.ActiveCfg = Release|Any CPU
		{66214485-5C41-4577-B5C4-383401EAD078}.Release|Any CPU.Build.0 = Release|Any CPU
		{91D9E9FB-CC52-4679-921E-009DB73BC70B}.Debug|Any CPU.ActiveCfg = Debug|Any CPU
		{91D9E9FB-CC52-4679-921E-009DB73BC70B}.Debug|Any CPU.Build.0 = Debug|Any CPU
		{91D9E9FB-CC52-4679-921E-009DB73BC70B}.Release|Any CPU.ActiveCfg = Release|Any CPU
		{91D9E9FB-CC52-4679-921E-009DB73BC70B}.Release|Any CPU.Build.0 = Release|Any CPU
		{CAFAB306-5FC7-449C-B7F1-1E1777FA0A00}.Debug|Any CPU.ActiveCfg = Debug|Any CPU
		{CAFAB306-5FC7-449C-B7F1-1E1777FA0A00}.Debug|Any CPU.Build.0 = Debug|Any CPU
		{CAFAB306-5FC7-449C-B7F1-1E1777FA0A00}.Release|Any CPU.ActiveCfg = Release|Any CPU
		{CAFAB306-5FC7-449C-B7F1-1E1777FA0A00}.Release|Any CPU.Build.0 = Release|Any CPU
	EndGlobalSection
	GlobalSection(SolutionProperties) = preSolution
		HideSolutionNode = FALSE
	EndGlobalSection
	GlobalSection(NestedProjects) = preSolution
		{674D4832-7271-4C0A-A499-8ACA17FFFF8C} = {E01A96E9-E6A2-4BF4-BC45-07B641EB1E51}
		{716E688D-1906-4BA1-BC55-90F8EEBC7C15} = {23BAB6E8-501C-4BC1-A2B2-CAA6DE44067C}
		{E88A35D8-FA03-401F-8C37-6A6B3F62D701} = {23BAB6E8-501C-4BC1-A2B2-CAA6DE44067C}
		{5F9C508C-8F60-40C3-A5AB-A780A539A729} = {23BAB6E8-501C-4BC1-A2B2-CAA6DE44067C}
		{3219A813-BCF8-46DF-B598-B1F65F21696F} = {23BAB6E8-501C-4BC1-A2B2-CAA6DE44067C}
		{12481914-1192-4FA5-86AB-383A156169E5} = {4DCC0AD7-FF1E-4E37-B31C-1B0B877F1EFF}
		{A14D6FCD-B673-431C-9991-FE6AA513C18B} = {12481914-1192-4FA5-86AB-383A156169E5}
		{BD78FA82-5C7A-46F5-8CB6-EA94CA79B3E8} = {12481914-1192-4FA5-86AB-383A156169E5}
		{89B803DD-BD38-42FB-8AF5-C03047EDD845} = {23BAB6E8-501C-4BC1-A2B2-CAA6DE44067C}
		{8030C28D-8C8A-496C-97C0-B7CC4050BDCD} = {12481914-1192-4FA5-86AB-383A156169E5}
		{66214485-5C41-4577-B5C4-383401EAD078} = {23BAB6E8-501C-4BC1-A2B2-CAA6DE44067C}
		{91D9E9FB-CC52-4679-921E-009DB73BC70B} = {23BAB6E8-501C-4BC1-A2B2-CAA6DE44067C}
		{CAFAB306-5FC7-449C-B7F1-1E1777FA0A00} = {23BAB6E8-501C-4BC1-A2B2-CAA6DE44067C}
	EndGlobalSection
	GlobalSection(ExtensibilityGlobals) = postSolution
		SolutionGuid = {94A5DFFA-8444-4D87-8702-72F1A667C687}
	EndGlobalSection
EndGlobal
